
Microsoft Visual Studio Solution File, Format Version 12.00
Project("{FAE04EC0-301F-11D3-BF4B-00C04F79EFBC}") = "CommandLoader", "CommandLoader\CommandLoader.csproj", "{F44C5B19-83A7-4BED-9FC8-C42F219D1BC7}"
EndProject
Global
	GlobalSection(SolutionConfigurationPlatforms) = preSolution
		Debug|Any CPU = Debug|Any CPU
		Release|Any CPU = Release|Any CPU
	EndGlobalSection
	GlobalSection(ProjectConfigurationPlatforms) = postSolution
		{F44C5B19-83A7-4BED-9FC8-C42F219D1BC7}.Debug|Any CPU.ActiveCfg = Debug|Any CPU
		{F44C5B19-83A7-4BED-9FC8-C42F219D1BC7}.Debug|Any CPU.Build.0 = Debug|Any CPU
		{F44C5B19-83A7-4BED-9FC8-C42F219D1BC7}.Release|Any CPU.ActiveCfg = Release|Any CPU
		{F44C5B19-83A7-4BED-9FC8-C42F219D1BC7}.Release|Any CPU.Build.0 = Release|Any CPU
	EndGlobalSection
EndGlobal
